
Microsoft Visual Studio Solution File, Format Version 12.00
# Visual Studio Version 17
VisualStudioVersion = 17.0.31717.71
MinimumVisualStudioVersion = 10.0.40219.1
Project("{9A19103F-16F7-4668-BE54-9A1E7A4F7556}") = "ProgressaoFinanceiraPessoal", "ProgressaoFinanceiraPessoal.csproj", "{AD4AA89C-B5F6-492D-BFB2-B60F78350470}"
EndProject
Global
	GlobalSection(SolutionConfigurationPlatforms) = preSolution
		Debug|Any CPU = Debug|Any CPU
		Release|Any CPU = Release|Any CPU
	EndGlobalSection
	GlobalSection(ProjectConfigurationPlatforms) = postSolution
		{AD4AA89C-B5F6-492D-BFB2-B60F78350470}.Debug|Any CPU.ActiveCfg = Debug|Any CPU
		{AD4AA89C-B5F6-492D-BFB2-B60F78350470}.Debug|Any CPU.Build.0 = Debug|Any CPU
		{AD4AA89C-B5F6-492D-BFB2-B60F78350470}.Release|Any CPU.ActiveCfg = Release|Any CPU
		{AD4AA89C-B5F6-492D-BFB2-B60F78350470}.Release|Any CPU.Build.0 = Release|Any CPU
	EndGlobalSection
	GlobalSection(SolutionProperties) = preSolution
		HideSolutionNode = FALSE
	EndGlobalSection
	GlobalSection(ExtensibilityGlobals) = postSolution
		SolutionGuid = {CE794E53-0922-4252-A000-82310E242E98}
	EndGlobalSection
EndGlobal